{
  "name": "@asiloisad/select-list",
  "version": "1.6.0",
  "lockfileVersion": 3,
  "requires": true,
  "packages": {
    "": {
      "name": "@asiloisad/select-list",
      "version": "1.6.0",
      "license": "MIT",
      "dependencies": {
        "diacritic": "^0.0.2",
        "etch": "^0.14.0"
      }
    },
    "node_modules/diacritic": {
      "version": "0.0.2",
      "resolved": "https://registry.npmjs.org/diacritic/-/diacritic-0.0.2.tgz",
      "integrity": "sha512-iQCeDkSPwkfwWPr+HZZ49WRrM2FSI9097Q9w7agyRCdLcF9Eh2Ek0sHKcmMWx2oZVBjRBE/sziGFjZu0uf1Jbg=="
    },
    "node_modules/etch": {
      "version": "0.14.1",
      "resolved": "https://registry.npmjs.org/etch/-/etch-0.14.1.tgz",
      "integrity": "sha512-+IwqSDBhaQFMUHJu4L/ir0dhDoW5IIihg4Z9lzsIxxne8V0PlSg0gnk2STaKWjGJQnDR4cxpA+a/dORX9kycTA=="
    }
  }
}
